
Microsoft Visual Studio Solution File, Format Version 12.00
# Visual Studio 15
VisualStudioVersion = 15.0.27428.2015
MinimumVisualStudioVersion = 10.0.40219.1
Project("{9A19103F-16F7-4668-BE54-9A1E7A4F7556}") = "ProjectStellar", "ProjectSTELLAR\ProjectStellar.csproj", "{E010D6FA-104D-4B9E-A04B-F298500CE0EB}"
EndProject
Project("{9A19103F-16F7-4668-BE54-9A1E7A4F7556}") = "ProjectSTELLAR.Library", "ProjectSTELLAR.Library\ProjectSTELLAR.Library.csproj", "{C86620CB-D9A4-4E3B-8085-DED3659429E3}"
EndProject
Project("{2150E333-8FDC-42A3-9474-1A3956D46DE8}") = "TEST", "TEST", "{4F637B5F-34DA-4213-AC3D-AFE24C05A472}"
EndProject
Project("{FAE04EC0-301F-11D3-BF4B-00C04F79EFBC}") = "ProjectSTELLAR.Tests", "Project.STELLAR.Tests\ProjectSTELLAR.Tests.csproj", "{980C774A-2A8D-4F5D-8778-89FC97A41C9D}"
EndProject
Global
	GlobalSection(SolutionConfigurationPlatforms) = preSolution
		Debug|Any CPU = Debug|Any CPU
		Release|Any CPU = Release|Any CPU
	EndGlobalSection
	GlobalSection(ProjectConfigurationPlatforms) = postSolution
		{E010D6FA-104D-4B9E-A04B-F298500CE0EB}.Debug|Any CPU.ActiveCfg = Debug|Any CPU
		{E010D6FA-104D-4B9E-A04B-F298500CE0EB}.Debug|Any CPU.Build.0 = Debug|Any CPU
		{E010D6FA-104D-4B9E-A04B-F298500CE0EB}.Release|Any CPU.ActiveCfg = Release|Any CPU
		{E010D6FA-104D-4B9E-A04B-F298500CE0EB}.Release|Any CPU.Build.0 = Release|Any CPU
		{C86620CB-D9A4-4E3B-8085-DED3659429E3}.Debug|Any CPU.ActiveCfg = Debug|Any CPU
		{C86620CB-D9A4-4E3B-8085-DED3659429E3}.Debug|Any CPU.Build.0 = Debug|Any CPU
		{C86620CB-D9A4-4E3B-8085-DED3659429E3}.Release|Any CPU.ActiveCfg = Release|Any CPU
		{C86620CB-D9A4-4E3B-8085-DED3659429E3}.Release|Any CPU.Build.0 = Release|Any CPU
		{980C774A-2A8D-4F5D-8778-89FC97A41C9D}.Debug|Any CPU.ActiveCfg = Debug|Any CPU
		{980C774A-2A8D-4F5D-8778-89FC97A41C9D}.Debug|Any CPU.Build.0 = Debug|Any CPU
		{980C774A-2A8D-4F5D-8778-89FC97A41C9D}.Release|Any CPU.ActiveCfg = Release|Any CPU
		{980C774A-2A8D-4F5D-8778-89FC97A41C9D}.Release|Any CPU.Build.0 = Release|Any CPU
	EndGlobalSection
	GlobalSection(SolutionProperties) = preSolution
		HideSolutionNode = FALSE
	EndGlobalSection
	GlobalSection(NestedProjects) = preSolution
		{980C774A-2A8D-4F5D-8778-89FC97A41C9D} = {4F637B5F-34DA-4213-AC3D-AFE24C05A472}
	EndGlobalSection
	GlobalSection(ExtensibilityGlobals) = postSolution
		SolutionGuid = {2E304E23-31EC-4CB3-B054-A4AEE1620190}
	EndGlobalSection
EndGlobal
